
Microsoft Visual Studio Solution File, Format Version 12.00
# Visual Studio Version 17
VisualStudioVersion = 17.12.35527.113 d17.12
MinimumVisualStudioVersion = 10.0.40219.1
Project("{FAE04EC0-301F-11D3-BF4B-00C04F79EFBC}") = "ConsoleApp45", "ConsoleApp45\ConsoleApp45.csproj", "{6C9A1C4B-2557-4175-808F-85D0D3956231}"
EndProject
Project("{FAE04EC0-301F-11D3-BF4B-00C04F79EFBC}") = "ConsoleApp1", "ConsoleApp1\ConsoleApp1.csproj", "{BB6F2F8C-AACD-4A87-867F-303E9732BD49}"
EndProject
Project("{FAE04EC0-301F-11D3-BF4B-00C04F79EFBC}") = "ConsoleApp2", "ConsoleApp2\ConsoleApp2.csproj", "{3D37A98C-DE0A-4CAE-840E-9E3E534189AD}"
EndProject
Global
	GlobalSection(SolutionConfigurationPlatforms) = preSolution
		Debug|Any CPU = Debug|Any CPU
		Release|Any CPU = Release|Any CPU
	EndGlobalSection
	GlobalSection(ProjectConfigurationPlatforms) = postSolution
		{6C9A1C4B-2557-4175-808F-85D0D3956231}.Debug|Any CPU.ActiveCfg = Debug|Any CPU
		{6C9A1C4B-2557-4175-808F-85D0D3956231}.Debug|Any CPU.Build.0 = Debug|Any CPU
		{6C9A1C4B-2557-4175-808F-85D0D3956231}.Release|Any CPU.ActiveCfg = Release|Any CPU
		{6C9A1C4B-2557-4175-808F-85D0D3956231}.Release|Any CPU.Build.0 = Release|Any CPU
		{BB6F2F8C-AACD-4A87-867F-303E9732BD49}.Debug|Any CPU.ActiveCfg = Debug|Any CPU
		{BB6F2F8C-AACD-4A87-867F-303E9732BD49}.Debug|Any CPU.Build.0 = Debug|Any CPU
		{BB6F2F8C-AACD-4A87-867F-303E9732BD49}.Release|Any CPU.ActiveCfg = Release|Any CPU
		{BB6F2F8C-AACD-4A87-867F-303E9732BD49}.Release|Any CPU.Build.0 = Release|Any CPU
		{3D37A98C-DE0A-4CAE-840E-9E3E534189AD}.Debug|Any CPU.ActiveCfg = Debug|Any CPU
		{3D37A98C-DE0A-4CAE-840E-9E3E534189AD}.Debug|Any CPU.Build.0 = Debug|Any CPU
		{3D37A98C-DE0A-4CAE-840E-9E3E534189AD}.Release|Any CPU.ActiveCfg = Release|Any CPU
		{3D37A98C-DE0A-4CAE-840E-9E3E534189AD}.Release|Any CPU.Build.0 = Release|Any CPU
	EndGlobalSection
	GlobalSection(SolutionProperties) = preSolution
		HideSolutionNode = FALSE
	EndGlobalSection
EndGlobal
